// !$*UTF8*$!
{
	archiveVersion = 1;
	classes = {
	};
	objectVersion = 51;
	objects = {

/* Begin PBXBuildFile section */
		265E0BE114D350BCFA98DDBD /* Pods_DesignTestTests.framework in Frameworks */ = {isa = PBXBuildFile; fileRef = 2CE34DC1B0B75578F3B86A11 /* Pods_DesignTestTests.framework */; };
		8678995AE0BD81B2479BBD84 /* Pods_DesignTest.framework in Frameworks */ = {isa = PBXBuildFile; fileRef = 5005820C817464914252A252 /* Pods_DesignTest.framework */; };
		98750F4C2603F7A30020C785 /* AppDelegate.swift in Sources */ = {isa = PBXBuildFile; fileRef = 98750F4B2603F7A30020C785 /* AppDelegate.swift */; };
		98750F4E2603F7A30020C785 /* SceneDelegate.swift in Sources */ = {isa = PBXBuildFile; fileRef = 98750F4D2603F7A30020C785 /* SceneDelegate.swift */; };
		98750F502603F7A30020C785 /* ViewController.swift in Sources */ = {isa = PBXBuildFile; fileRef = 98750F4F2603F7A30020C785 /* ViewController.swift */; };
		98750F532603F7A30020C785 /* Main.storyboard in Resources */ = {isa = PBXBuildFile; fileRef = 98750F512603F7A30020C785 /* Main.storyboard */; };
		98750F552603F7A40020C785 /* Assets.xcassets in Resources */ = {isa = PBXBuildFile; fileRef = 98750F542603F7A40020C785 /* Assets.xcassets */; };
		98750F582603F7A40020C785 /* LaunchScreen.storyboard in Resources */ = {isa = PBXBuildFile; fileRef = 98750F562603F7A40020C785 /* LaunchScreen.storyboard */; };
		98750F632603F7A40020C785 /* DesignTestTests.swift in Sources */ = {isa = PBXBuildFile; fileRef = 98750F622603F7A40020C785 /* DesignTestTests.swift */; };
		98750F6E2603F7A50020C785 /* DesignTestUITests.swift in Sources */ = {isa = PBXBuildFile; fileRef = 98750F6D2603F7A50020C785 /* DesignTestUITests.swift */; };
		F0EBFC5D0DD0732C796B6F5A /* Pods_DesignTest_DesignTestUITests.framework in Frameworks */ = {isa = PBXBuildFile; fileRef = BD01764984239ED3332734F2 /* Pods_DesignTest_DesignTestUITests.framework */; };
/* End PBXBuildFile section */

/* Begin PBXContainerItemProxy section */
		98750F5F2603F7A40020C785 /* PBXContainerItemProxy */ = {
			isa = PBXContainerItemProxy;
			containerPortal = 98750F402603F7A30020C785 /* Project object */;
			proxyType = 1;
			remoteGlobalIDString = 98750F472603F7A30020C785;
			remoteInfo = DesignTest;
		};
		98750F6A2603F7A50020C785 /* PBXContainerItemProxy */ = {
			isa = PBXContainerItemProxy;
			containerPortal = 98750F402603F7A30020C785 /* Project object */;
			proxyType = 1;
			remoteGlobalIDString = 98750F472603F7A30020C785;
			remoteInfo = DesignTest;
		};
/* End PBXContainerItemProxy section */

/* Begin PBXFileReference section */
		159DBD001A7DA5FFBF502D43 /* Pods-DesignTestTests.release.xcconfig */ = {isa = PBXFileReference; includeInIndex = 1; lastKnownFileType = text.xcconfig; name = "Pods-DesignTestTests.release.xcconfig"; path = "Target Support Files/Pods-DesignTestTests/Pods-DesignTestTests.release.xcconfig"; sourceTree = "<group>"; };
		19DF85E987795D6ABDDBED4E /* Pods-DesignTest-DesignTestUITests.debug.xcconfig */ = {isa = PBXFileReference; includeInIndex = 1; lastKnownFileType = text.xcconfig; name = "Pods-DesignTest-DesignTestUITests.debug.xcconfig"; path = "Target Support Files/Pods-DesignTest-DesignTestUITests/Pods-DesignTest-DesignTestUITests.debug.xcconfig"; sourceTree = "<group>"; };
		238664786114B7847F3A9F3D /* Pods-DesignTest-DesignTestUITests.release.xcconfig */ = {isa = PBXFileReference; includeInIndex = 1; lastKnownFileType = text.xcconfig; name = "Pods-DesignTest-DesignTestUITests.release.xcconfig"; path = "Target Support Files/Pods-DesignTest-DesignTestUITests/Pods-DesignTest-DesignTestUITests.release.xcconfig"; sourceTree = "<group>"; };
		2CE34DC1B0B75578F3B86A11 /* Pods_DesignTestTests.framework */ = {isa = PBXFileReference; explicitFileType = wrapper.framework; includeInIndex = 0; path = Pods_DesignTestTests.framework; sourceTree = BUILT_PRODUCTS_DIR; };
		477A12F4821462D56C99043C /* Pods-DesignTestTests.debug.xcconfig */ = {isa = PBXFileReference; includeInIndex = 1; lastKnownFileType = text.xcconfig; name = "Pods-DesignTestTests.debug.xcconfig"; path = "Target Support Files/Pods-DesignTestTests/Pods-DesignTestTests.debug.xcconfig"; sourceTree = "<group>"; };
		5005820C817464914252A252 /* Pods_DesignTest.framework */ = {isa = PBXFileReference; explicitFileType = wrapper.framework; includeInIndex = 0; path = Pods_DesignTest.framework; sourceTree = BUILT_PRODUCTS_DIR; };
		66FF3E44DEA9F674C99CBF46 /* Pods-DesignTest.release.xcconfig */ = {isa = PBXFileReference; includeInIndex = 1; lastKnownFileType = text.xcconfig; name = "Pods-DesignTest.release.xcconfig"; path = "Target Support Files/Pods-DesignTest/Pods-DesignTest.release.xcconfig"; sourceTree = "<group>"; };
		8460B0D42746B033C9D00695 /* Pods-DesignTest.debug.xcconfig */ = {isa = PBXFileReference; includeInIndex = 1; lastKnownFileType = text.xcconfig; name = "Pods-DesignTest.debug.xcconfig"; path = "Target Support Files/Pods-DesignTest/Pods-DesignTest.debug.xcconfig"; sourceTree = "<group>"; };
		98750F482603F7A30020C785 /* DesignTest.app */ = {isa = PBXFileReference; explicitFileType = wrapper.application; includeInIndex = 0; path = DesignTest.app; sourceTree = BUILT_PRODUCTS_DIR; };
		98750F4B2603F7A30020C785 /* AppDelegate.swift */ = {isa = PBXFileReference; lastKnownFileType = sourcecode.swift; path = AppDelegate.swift; sourceTree = "<group>"; };
		98750F4D2603F7A30020C785 /* SceneDelegate.swift */ = {isa = PBXFileReference; lastKnownFileType = sourcecode.swift; path = SceneDelegate.swift; sourceTree = "<group>"; };
		98750F4F2603F7A30020C785 /* ViewController.swift */ = {isa = PBXFileReference; lastKnownFileType = sourcecode.swift; path = ViewController.swift; sourceTree = "<group>"; };
		98750F522603F7A30020C785 /* Base */ = {isa = PBXFileReference; lastKnownFileType = file.storyboard; name = Base; path = Base.lproj/Main.storyboard; sourceTree = "<group>"; };
		98750F542603F7A40020C785 /* Assets.xcassets */ = {isa = PBXFileReference; lastKnownFileType = folder.assetcatalog; path = Assets.xcassets; sourceTree = "<group>"; };
		98750F572603F7A40020C785 /* Base */ = {isa = PBXFileReference; lastKnownFileType = file.storyboard; name = Base; path = Base.lproj/LaunchScreen.storyboard; sourceTree = "<group>"; };
		98750F592603F7A40020C785 /* Info.plist */ = {isa = PBXFileReference; lastKnownFileType = text.plist.xml; path = Info.plist; sourceTree = "<group>"; };
		98750F5E2603F7A40020C785 /* DesignTestTests.xctest */ = {isa = PBXFileReference; explicitFileType = wrapper.cfbundle; includeInIndex = 0; path = DesignTestTests.xctest; sourceTree = BUILT_PRODUCTS_DIR; };
		98750F622603F7A40020C785 /* DesignTestTests.swift */ = {isa = PBXFileReference; lastKnownFileType = sourcecode.swift; path = DesignTestTests.swift; sourceTree = "<group>"; };
		98750F642603F7A40020C785 /* Info.plist */ = {isa = PBXFileReference; lastKnownFileType = text.plist.xml; path = Info.plist; sourceTree = "<group>"; };
		98750F692603F7A50020C785 /* DesignTestUITests.xctest */ = {isa = PBXFileReference; explicitFileType = wrapper.cfbundle; includeInIndex = 0; path = DesignTestUITests.xctest; sourceTree = BUILT_PRODUCTS_DIR; };
		98750F6D2603F7A50020C785 /* DesignTestUITests.swift */ = {isa = PBXFileReference; lastKnownFileType = sourcecode.swift; path = DesignTestUITests.swift; sourceTree = "<group>"; };
		98750F6F2603F7A50020C785 /* Info.plist */ = {isa = PBXFileReference; lastKnownFileType = text.plist.xml; path = Info.plist; sourceTree = "<group>"; };
		BD01764984239ED3332734F2 /* Pods_DesignTest_DesignTestUITests.framework */ = {isa = PBXFileReference; explicitFileType = wrapper.framework; includeInIndex = 0; path = Pods_DesignTest_DesignTestUITests.framework; sourceTree = BUILT_PRODUCTS_DIR; };
/* End PBXFileReference section */

/* Begin PBXFrameworksBuildPhase section */
		98750F452603F7A30020C785 /* Frameworks */ = {
			isa = PBXFrameworksBuildPhase;
			buildActionMask = 2147483647;
			files = (
				8678995AE0BD81B2479BBD84 /* Pods_DesignTest.framework in Frameworks */,
			);
			runOnlyForDeploymentPostprocessing = 0;
		};
		98750F5B2603F7A40020C785 /* Frameworks */ = {
			isa = PBXFrameworksBuildPhase;
			buildActionMask = 2147483647;
			files = (
				265E0BE114D350BCFA98DDBD /* Pods_DesignTestTests.framework in Frameworks */,
			);
			runOnlyForDeploymentPostprocessing = 0;
		};
		98750F662603F7A50020C785 /* Frameworks */ = {
			isa = PBXFrameworksBuildPhase;
			buildActionMask = 2147483647;
			files = (
				F0EBFC5D0DD0732C796B6F5A /* Pods_DesignTest_DesignTestUITests.framework in Frameworks */,
			);
			runOnlyForDeploymentPostprocessing = 0;
		};
/* End PBXFrameworksBuildPhase section */

/* Begin PBXGroup section */
		4028E00AEEF80EF5081980BF /* Pods */ = {
			isa = PBXGroup;
			children = (
				8460B0D42746B033C9D00695 /* Pods-DesignTest.debug.xcconfig */,
				66FF3E44DEA9F674C99CBF46 /* Pods-DesignTest.release.xcconfig */,
				19DF85E987795D6ABDDBED4E /* Pods-DesignTest-DesignTestUITests.debug.xcconfig */,
				238664786114B7847F3A9F3D /* Pods-DesignTest-DesignTestUITests.release.xcconfig */,
				477A12F4821462D56C99043C /* Pods-DesignTestTests.debug.xcconfig */,
				159DBD001A7DA5FFBF502D43 /* Pods-DesignTestTests.release.xcconfig */,
			);
			path = Pods;
			sourceTree = "<group>";
		};
		98750F3F2603F7A30020C785 = {
			isa = PBXGroup;
			children = (
				98750F4A2603F7A30020C785 /* DesignTest */,
				98750F612603F7A40020C785 /* DesignTestTests */,
				98750F6C2603F7A50020C785 /* DesignTestUITests */,
				98750F492603F7A30020C785 /* Products */,
				4028E00AEEF80EF5081980BF /* Pods */,
				CC84DE3F797689993220C91E /* Frameworks */,
			);
			sourceTree = "<group>";
		};
		98750F492603F7A30020C785 /* Products */ = {
			isa = PBXGroup;
			children = (
				98750F482603F7A30020C785 /* DesignTest.app */,
				98750F5E2603F7A40020C785 /* DesignTestTests.xctest */,
				98750F692603F7A50020C785 /* DesignTestUITests.xctest */,
			);
			name = Products;
			sourceTree = "<group>";
		};
		98750F4A2603F7A30020C785 /* DesignTest */ = {
			isa = PBXGroup;
			children = (
				98750F4B2603F7A30020C785 /* AppDelegate.swift */,
				98750F4D2603F7A30020C785 /* SceneDelegate.swift */,
				98750F4F2603F7A30020C785 /* ViewController.swift */,
				98750F512603F7A30020C785 /* Main.storyboard */,
				98750F542603F7A40020C785 /* Assets.xcassets */,
				98750F562603F7A40020C785 /* LaunchScreen.storyboard */,
				98750F592603F7A40020C785 /* Info.plist */,
			);
			path = DesignTest;
			sourceTree = "<group>";
		};
		98750F612603F7A40020C785 /* DesignTestTests */ = {
			isa = PBXGroup;
			children = (
				98750F622603F7A40020C785 /* DesignTestTests.swift */,
				98750F642603F7A40020C785 /* Info.plist */,
			);
			path = DesignTestTests;
			sourceTree = "<group>";
		};
		98750F6C2603F7A50020C785 /* DesignTestUITests */ = {
			isa = PBXGroup;
			children = (
				98750F6D2603F7A50020C785 /* DesignTestUITests.swift */,
				98750F6F2603F7A50020C785 /* Info.plist */,
			);
			path = DesignTestUITests;
			sourceTree = "<group>";
		};
		CC84DE3F797689993220C91E /* Frameworks */ = {
			isa = PBXGroup;
			children = (
				5005820C817464914252A252 /* Pods_DesignTest.framework */,
				BD01764984239ED3332734F2 /* Pods_DesignTest_DesignTestUITests.framework */,
				2CE34DC1B0B75578F3B86A11 /* Pods_DesignTestTests.framework */,
			);
			name = Frameworks;
			sourceTree = "<group>";
		};
/* End PBXGroup section */

/* Begin PBXNativeTarget section */
		98750F472603F7A30020C785 /* DesignTest */ = {
			isa = PBXNativeTarget;
			buildConfigurationList = 98750F722603F7A50020C785 /* Build configuration list for PBXNativeTarget "DesignTest" */;
			buildPhases = (
				6FEEFDEF60A96C8B28C305C4 /* [CP] Check Pods Manifest.lock */,
				98750F442603F7A30020C785 /* Sources */,
				98750F452603F7A30020C785 /* Frameworks */,
				98750F462603F7A30020C785 /* Resources */,
				B80D1884EAB70099BC69B9A8 /* [CP] Embed Pods Frameworks */,
			);
			buildRules = (
			);
			dependencies = (
			);
			name = DesignTest;
			productName = DesignTest;
			productReference = 98750F482603F7A30020C785 /* DesignTest.app */;
			productType = "com.apple.product-type.application";
		};
		98750F5D2603F7A40020C785 /* DesignTestTests */ = {
			isa = PBXNativeTarget;
			buildConfigurationList = 98750F752603F7A50020C785 /* Build configuration list for PBXNativeTarget "DesignTestTests" */;
			buildPhases = (
				0531A74EF7FAC31D11449B15 /* [CP] Check Pods Manifest.lock */,
				98750F5A2603F7A40020C785 /* Sources */,
				98750F5B2603F7A40020C785 /* Frameworks */,
				98750F5C2603F7A40020C785 /* Resources */,
			);
			buildRules = (
			);
			dependencies = (
				98750F602603F7A40020C785 /* PBXTargetDependency */,
			);
			name = DesignTestTests;
			productName = DesignTestTests;
			productReference = 98750F5E2603F7A40020C785 /* DesignTestTests.xctest */;
			productType = "com.apple.product-type.bundle.unit-test";
		};
		98750F682603F7A50020C785 /* DesignTestUITests */ = {
			isa = PBXNativeTarget;
			buildConfigurationList = 98750F782603F7A50020C785 /* Build configuration list for PBXNativeTarget "DesignTestUITests" */;
			buildPhases = (
				9FADCA48EAAA13A4226606A8 /* [CP] Check Pods Manifest.lock */,
				98750F652603F7A50020C785 /* Sources */,
				98750F662603F7A50020C785 /* Frameworks */,
				98750F672603F7A50020C785 /* Resources */,
				26E6BBAD1FE93EB425E273D2 /* [CP] Embed Pods Frameworks */,
			);
			buildRules = (
			);
			dependencies = (
				98750F6B2603F7A50020C785 /* PBXTargetDependency */,
			);
			name = DesignTestUITests;
			productName = DesignTestUITests;
			productReference = 98750F692603F7A50020C785 /* DesignTestUITests.xctest */;
			productType = "com.apple.product-type.bundle.ui-testing";
		};
/* End PBXNativeTarget section */

/* Begin PBXProject section */
		98750F402603F7A30020C785 /* Project object */ = {
			isa = PBXProject;
			attributes = {
				LastSwiftUpdateCheck = 1130;
				LastUpgradeCheck = 1130;
				ORGANIZATIONNAME = Stdio;
				TargetAttributes = {
					98750F472603F7A30020C785 = {
						CreatedOnToolsVersion = 11.3.1;
					};
					98750F5D2603F7A40020C785 = {
						CreatedOnToolsVersion = 11.3.1;
						TestTargetID = 98750F472603F7A30020C785;
					};
					98750F682603F7A50020C785 = {
						CreatedOnToolsVersion = 11.3.1;
						TestTargetID = 98750F472603F7A30020C785;
					};
				};
			};
			buildConfigurationList = 98750F432603F7A30020C785 /* Build configuration list for PBXProject "DesignTest" */;
			compatibilityVersion = "Xcode 9.3";
			developmentRegion = en;
			hasScannedForEncodings = 0;
			knownRegions = (
				en,
				Base,
			);
			mainGroup = 98750F3F2603F7A30020C785;
			productRefGroup = 98750F492603F7A30020C785 /* Products */;
			projectDirPath = "";
			projectRoot = "";
			targets = (
				98750F472603F7A30020C785 /* DesignTest */,
				98750F5D2603F7A40020C785 /* DesignTestTests */,
				98750F682603F7A50020C785 /* DesignTestUITests */,
			);
		};
/* End PBXProject section */

/* Begin PBXResourcesBuildPhase section */
		98750F462603F7A30020C785 /* Resources */ = {
			isa = PBXResourcesBuildPhase;
			buildActionMask = 2147483647;
			files = (
				98750F582603F7A40020C785 /* LaunchScreen.storyboard in Resources */,
				98750F552603F7A40020C785 /* Assets.xcassets in Resources */,
				98750F532603F7A30020C785 /* Main.storyboard in Resources */,
			);
			runOnlyForDeploymentPostprocessing = 0;
		};
		98750F5C2603F7A40020C785 /* Resources */ = {
			isa = PBXResourcesBuildPhase;
			buildActionMask = 2147483647;
			files = (
			);
			runOnlyForDeploymentPostprocessing = 0;
		};
		98750F672603F7A50020C785 /* Resources */ = {
			isa = PBXResourcesBuildPhase;
			buildActionMask = 2147483647;
			files = (
			);
			runOnlyForDeploymentPostprocessing = 0;
		};
/* End PBXResourcesBuildPhase section */

/* Begin PBXShellScriptBuildPhase section */
		0531A74EF7FAC31D11449B15 /* [CP] Check Pods Manifest.lock */ = {
			isa = PBXShellScriptBuildPhase;
			buildActionMask = 2147483647;
			files = (
			);
			inputFileListPaths = (
			);
			inputPaths = (
				"${PODS_PODFILE_DIR_PATH}/Podfile.lock",
				"${PODS_ROOT}/Manifest.lock",
			);
			name = "[CP] Check Pods Manifest.lock";
			outputFileListPaths = (
			);
			outputPaths = (
				"$(DERIVED_FILE_DIR)/Pods-DesignTestTests-checkManifestLockResult.txt",
			);
			runOnlyForDeploymentPostprocessing = 0;
			shellPath = /bin/sh;
			shellScript = "diff \"${PODS_PODFILE_DIR_PATH}/Podfile.lock\" \"${PODS_ROOT}/Manifest.lock\" > /dev/null\nif [ $? != 0 ] ; then\n    # print error to STDERR\n    echo \"error: The sandbox is not in sync with the Podfile.lock. Run 'pod install' or update your CocoaPods installation.\" >&2\n    exit 1\nfi\n# This output is used by Xcode 'outputs' to avoid re-running this script phase.\necho \"SUCCESS\" > \"${SCRIPT_OUTPUT_FILE_0}\"\n";
			showEnvVarsInLog = 0;
		};
		26E6BBAD1FE93EB425E273D2 /* [CP] Embed Pods Frameworks */ = {
			isa = PBXShellScriptBuildPhase;
			buildActionMask = 2147483647;
			files = (
			);
			inputFileListPaths = (
				"${PODS_ROOT}/Target Support Files/Pods-DesignTest-DesignTestUITests/Pods-DesignTest-DesignTestUITests-frameworks-${CONFIGURATION}-input-files.xcfilelist",
			);
			name = "[CP] Embed Pods Frameworks";
			outputFileListPaths = (
				"${PODS_ROOT}/Target Support Files/Pods-DesignTest-DesignTestUITests/Pods-DesignTest-DesignTestUITests-frameworks-${CONFIGURATION}-output-files.xcfilelist",
			);
			runOnlyForDeploymentPostprocessing = 0;
			shellPath = /bin/sh;
			shellScript = "\"${PODS_ROOT}/Target Support Files/Pods-DesignTest-DesignTestUITests/Pods-DesignTest-DesignTestUITests-frameworks.sh\"\n";
			showEnvVarsInLog = 0;
		};
		6FEEFDEF60A96C8B28C305C4 /* [CP] Check Pods Manifest.lock */ = {
			isa = PBXShellScriptBuildPhase;
			buildActionMask = 2147483647;
			files = (
			);
			inputFileListPaths = (
			);
			inputPaths = (
				"${PODS_PODFILE_DIR_PATH}/Podfile.lock",
				"${PODS_ROOT}/Manifest.lock",
			);
			name = "[CP] Check Pods Manifest.lock";
			outputFileListPaths = (
			);
			outputPaths = (
				"$(DERIVED_FILE_DIR)/Pods-DesignTest-checkManifestLockResult.txt",
			);
			runOnlyForDeploymentPostprocessing = 0;
			shellPath = /bin/sh;
			shellScript = "diff \"${PODS_PODFILE_DIR_PATH}/Podfile.lock\" \"${PODS_ROOT}/Manifest.lock\" > /dev/null\nif [ $? != 0 ] ; then\n    # print error to STDERR\n    echo \"error: The sandbox is not in sync with the Podfile.lock. Run 'pod install' or update your CocoaPods installation.\" >&2\n    exit 1\nfi\n# This output is used by Xcode 'outputs' to avoid re-running this script phase.\necho \"SUCCESS\" > \"${SCRIPT_OUTPUT_FILE_0}\"\n";
			showEnvVarsInLog = 0;
		};
		9FADCA48EAAA13A4226606A8 /* [CP] Check Pods Manifest.lock */ = {
			isa = PBXShellScriptBuildPhase;
			buildActionMask = 2147483647;
			files = (
			);
			inputFileListPaths = (
			);
			inputPaths = (
				"${PODS_PODFILE_DIR_PATH}/Podfile.lock",
				"${PODS_ROOT}/Manifest.lock",
			);
			name = "[CP] Check Pods Manifest.lock";
			outputFileListPaths = (
			);
			outputPaths = (
				"$(DERIVED_FILE_DIR)/Pods-DesignTest-DesignTestUITests-checkManifestLockResult.txt",
			);
			runOnlyForDeploymentPostprocessing = 0;
			shellPath = /bin/sh;
			shellScript = "diff \"${PODS_PODFILE_DIR_PATH}/Podfile.lock\" \"${PODS_ROOT}/Manifest.lock\" > /dev/null\nif [ $? != 0 ] ; then\n    # print error to STDERR\n    echo \"error: The sandbox is not in sync with the Podfile.lock. Run 'pod install' or update your CocoaPods installation.\" >&2\n    exit 1\nfi\n# This output is used by Xcode 'outputs' to avoid re-running this script phase.\necho \"SUCCESS\" > \"${SCRIPT_OUTPUT_FILE_0}\"\n";
			showEnvVarsInLog = 0;
		};
		B80D1884EAB70099BC69B9A8 /* [CP] Embed Pods Frameworks */ = {
			isa = PBXShellScriptBuildPhase;
			buildActionMask = 2147483647;
			files = (
			);
			inputFileListPaths = (
				"${PODS_ROOT}/Target Support Files/Pods-DesignTest/Pods-DesignTest-frameworks-${CONFIGURATION}-input-files.xcfilelist",
			);
			name = "[CP] Embed Pods Frameworks";
			outputFileListPaths = (
				"${PODS_ROOT}/Target Support Files/Pods-DesignTest/Pods-DesignTest-frameworks-${CONFIGURATION}-output-files.xcfilelist",
			);
			runOnlyForDeploymentPostprocessing = 0;
			shellPath = /bin/sh;
			shellScript = "\"${PODS_ROOT}/Target Support Files/Pods-DesignTest/Pods-DesignTest-frameworks.sh\"\n";
			showEnvVarsInLog = 0;
		};
/* End PBXShellScriptBuildPhase section */

/* Begin PBXSourcesBuildPhase section */
		98750F442603F7A30020C785 /* Sources */ = {
			isa = PBXSourcesBuildPhase;
			buildActionMask = 2147483647;
			files = (
				98750F502603F7A30020C785 /* ViewController.swift in Sources */,
				98750F4C2603F7A30020C785 /* AppDelegate.swift in Sources */,
				98750F4E2603F7A30020C785 /* SceneDelegate.swift in Sources */,
			);
			runOnlyForDeploymentPostprocessing = 0;
		};
		98750F5A2603F7A40020C785 /* Sources */ = {
			isa = PBXSourcesBuildPhase;
			buildActionMask = 2147483647;
			files = (
				98750F632603F7A40020C785 /* DesignTestTests.swift in Sources */,
			);
			runOnlyForDeploymentPostprocessing = 0;
		};
		98750F652603F7A50020C785 /* Sources */ = {
			isa = PBXSourcesBuildPhase;
			buildActionMask = 2147483647;
			files = (
				98750F6E2603F7A50020C785 /* DesignTestUITests.swift in Sources */,
			);
			runOnlyForDeploymentPostprocessing = 0;
		};
/* End PBXSourcesBuildPhase section */

/* Begin PBXTargetDependency section */
		98750F602603F7A40020C785 /* PBXTargetDependency */ = {
			isa = PBXTargetDependency;
			target = 98750F472603F7A30020C785 /* DesignTest */;
			targetProxy = 98750F5F2603F7A40020C785 /* PBXContainerItemProxy */;
		};
		98750F6B2603F7A50020C785 /* PBXTargetDependency */ = {
			isa = PBXTargetDependency;
			target = 98750F472603F7A30020C785 /* DesignTest */;
			targetProxy = 98750F6A2603F7A50020C785 /* PBXContainerItemProxy */;
		};
/* End PBXTargetDependency section */

/* Begin PBXVariantGroup section */
		98750F512603F7A30020C785 /* Main.storyboard */ = {
			isa = PBXVariantGroup;
			children = (
				98750F522603F7A30020C785 /* Base */,
			);
			name = Main.storyboard;
			sourceTree = "<group>";
		};
		98750F562603F7A40020C785 /* LaunchScreen.storyboard */ = {
			isa = PBXVariantGroup;
			children = (
				98750F572603F7A40020C785 /* Base */,
			);
			name = LaunchScreen.storyboard;
			sourceTree = "<group>";
		};
/* End PBXVariantGroup section */

/* Begin XCBuildConfiguration section */
		98750F702603F7A50020C785 /* Debug */ = {
			isa = XCBuildConfiguration;
			buildSettings = {
				ALWAYS_SEARCH_USER_PATHS = NO;
				CLANG_ANALYZER_NONNULL = YES;
				CLANG_ANALYZER_NUMBER_OBJECT_CONVERSION = YES_AGGRESSIVE;
				CLANG_CXX_LANGUAGE_STANDARD = "gnu++14";
				CLANG_CXX_LIBRARY = "libc++";
				CLANG_ENABLE_MODULES = YES;
				CLANG_ENABLE_OBJC_ARC = YES;
				CLANG_ENABLE_OBJC_WEAK = YES;
				CLANG_WARN_BLOCK_CAPTURE_AUTORELEASING = YES;
				CLANG_WARN_BOOL_CONVERSION = YES;
				CLANG_WARN_COMMA = YES;
				CLANG_WARN_CONSTANT_CONVERSION = YES;
				CLANG_WARN_DEPRECATED_OBJC_IMPLEMENTATIONS = YES;
				CLANG_WARN_DIRECT_OBJC_ISA_USAGE = YES_ERROR;
				CLANG_WARN_DOCUMENTATION_COMMENTS = YES;
				CLANG_WARN_EMPTY_BODY = YES;
				CLANG_WARN_ENUM_CONVERSION = YES;
				CLANG_WARN_INFINITE_RECURSION = YES;
				CLANG_WARN_INT_CONVERSION = YES;
				CLANG_WARN_NON_LITERAL_NULL_CONVERSION = YES;
				CLANG_WARN_OBJC_IMPLICIT_RETAIN_SELF = YES;
				CLANG_WARN_OBJC_LITERAL_CONVERSION = YES;
				CLANG_WARN_OBJC_ROOT_CLASS = YES_ERROR;
				CLANG_WARN_RANGE_LOOP_ANALYSIS = YES;
				CLANG_WARN_STRICT_PROTOTYPES = YES;
				CLANG_WARN_SUSPICIOUS_MOVE = YES;
				CLANG_WARN_UNGUARDED_AVAILABILITY = YES_AGGRESSIVE;
				CLANG_WARN_UNREACHABLE_CODE = YES;
				CLANG_WARN__DUPLICATE_METHOD_MATCH = YES;
				COPY_PHASE_STRIP = NO;
				DEBUG_INFORMATION_FORMAT = dwarf;
				ENABLE_STRICT_OBJC_MSGSEND = YES;
				ENABLE_TESTABILITY = YES;
				GCC_C_LANGUAGE_STANDARD = gnu11;
				GCC_DYNAMIC_NO_PIC = NO;
				GCC_NO_COMMON_BLOCKS = YES;
				GCC_OPTIMIZATION_LEVEL = 0;
				GCC_PREPROCESSOR_DEFINITIONS = (
					"DEBUG=1",
					"$(inherited)",
				);
				GCC_WARN_64_TO_32_BIT_CONVERSION = YES;
				GCC_WARN_ABOUT_RETURN_TYPE = YES_ERROR;
				GCC_WARN_UNDECLARED_SELECTOR = YES;
				GCC_WARN_UNINITIALIZED_AUTOS = YES_AGGRESSIVE;
				GCC_WARN_UNUSED_FUNCTION = YES;
				GCC_WARN_UNUSED_VARIABLE = YES;
				IPHONEOS_DEPLOYMENT_TARGET = 13.2;
				MTL_ENABLE_DEBUG_INFO = INCLUDE_SOURCE;
				MTL_FAST_MATH = YES;
				ONLY_ACTIVE_ARCH = YES;
				SDKROOT = iphoneos;
				SWIFT_ACTIVE_COMPILATION_CONDITIONS = DEBUG;
				SWIFT_OPTIMIZATION_LEVEL = "-Onone";
			};
			name = Debug;
		};
		98750F712603F7A50020C785 /* Release */ = {
			isa = XCBuildConfiguration;
			buildSettings = {
				ALWAYS_SEARCH_USER_PATHS = NO;
				CLANG_ANALYZER_NONNULL = YES;
				CLANG_ANALYZER_NUMBER_OBJECT_CONVERSION = YES_AGGRESSIVE;
				CLANG_CXX_LANGUAGE_STANDARD = "gnu++14";
				CLANG_CXX_LIBRARY = "libc++";
				CLANG_ENABLE_MODULES = YES;
				CLANG_ENABLE_OBJC_ARC = YES;
				CLANG_ENABLE_OBJC_WEAK = YES;
				CLANG_WARN_BLOCK_CAPTURE_AUTORELEASING = YES;
				CLANG_WARN_BOOL_CONVERSION = YES;
				CLANG_WARN_COMMA = YES;
				CLANG_WARN_CONSTANT_CONVERSION = YES;
				CLANG_WARN_DEPRECATED_OBJC_IMPLEMENTATIONS = YES;
				CLANG_WARN_DIRECT_OBJC_ISA_USAGE = YES_ERROR;
				CLANG_WARN_DOCUMENTATION_COMMENTS = YES;
				CLANG_WARN_EMPTY_BODY = YES;
				CLANG_WARN_ENUM_CONVERSION = YES;
				CLANG_WARN_INFINITE_RECURSION = YES;
				CLANG_WARN_INT_CONVERSION = YES;
				CLANG_WARN_NON_LITERAL_NULL_CONVERSION = YES;
				CLANG_WARN_OBJC_IMPLICIT_RETAIN_SELF = YES;
				CLANG_WARN_OBJC_LITERAL_CONVERSION = YES;
				CLANG_WARN_OBJC_ROOT_CLASS = YES_ERROR;
				CLANG_WARN_RANGE_LOOP_ANALYSIS = YES;
				CLANG_WARN_STRICT_PROTOTYPES = YES;
				CLANG_WARN_SUSPICIOUS_MOVE = YES;
				CLANG_WARN_UNGUARDED_AVAILABILITY = YES_AGGRESSIVE;
				CLANG_WARN_UNREACHABLE_CODE = YES;
				CLANG_WARN__DUPLICATE_METHOD_MATCH = YES;
				COPY_PHASE_STRIP = NO;
				DEBUG_INFORMATION_FORMAT = "dwarf-with-dsym";
				ENABLE_NS_ASSERTIONS = NO;
				ENABLE_STRICT_OBJC_MSGSEND = YES;
				GCC_C_LANGUAGE_STANDARD = gnu11;
				GCC_NO_COMMON_BLOCKS = YES;
				GCC_WARN_64_TO_32_BIT_CONVERSION = YES;
				GCC_WARN_ABOUT_RETURN_TYPE = YES_ERROR;
				GCC_WARN_UNDECLARED_SELECTOR = YES;
				GCC_WARN_UNINITIALIZED_AUTOS = YES_AGGRESSIVE;
				GCC_WARN_UNUSED_FUNCTION = YES;
				GCC_WARN_UNUSED_VARIABLE = YES;
				IPHONEOS_DEPLOYMENT_TARGET = 13.2;
				MTL_ENABLE_DEBUG_INFO = NO;
				MTL_FAST_MATH = YES;
				SDKROOT = iphoneos;
				SWIFT_COMPILATION_MODE = wholemodule;
				SWIFT_OPTIMIZATION_LEVEL = "-O";
				VALIDATE_PRODUCT = YES;
			};
			name = Release;
		};
		98750F732603F7A50020C785 /* Debug */ = {
			isa = XCBuildConfiguration;
			baseConfigurationReference = 8460B0D42746B033C9D00695 /* Pods-DesignTest.debug.xcconfig */;
			buildSettings = {
				ASSETCATALOG_COMPILER_APPICON_NAME = AppIcon;
				CODE_SIGN_STYLE = Automatic;
				INFOPLIST_FILE = DesignTest/Info.plist;
				LD_RUNPATH_SEARCH_PATHS = (
					"$(inherited)",
					"@executable_path/Frameworks",
				);
				PRODUCT_BUNDLE_IDENTIFIER = com.stdio.DesignTest;
				PRODUCT_NAME = "$(TARGET_NAME)";
				SWIFT_VERSION = 5.0;
				TARGETED_DEVICE_FAMILY = "1,2";
			};
			name = Debug;
		};
		98750F742603F7A50020C785 /* Release */ = {
			isa = XCBuildConfiguration;
			baseConfigurationReference = 66FF3E44DEA9F674C99CBF46 /* Pods-DesignTest.release.xcconfig */;
			buildSettings = {
				ASSETCATALOG_COMPILER_APPICON_NAME = AppIcon;
				CODE_SIGN_STYLE = Automatic;
				INFOPLIST_FILE = DesignTest/Info.plist;
				LD_RUNPATH_SEARCH_PATHS = (
					"$(inherited)",
					"@executable_path/Frameworks",
				);
				PRODUCT_BUNDLE_IDENTIFIER = com.stdio.DesignTest;
				PRODUCT_NAME = "$(TARGET_NAME)";
				SWIFT_VERSION = 5.0;
				TARGETED_DEVICE_FAMILY = "1,2";
			};
			name = Release;
		};
		98750F762603F7A50020C785 /* Debug */ = {
			isa = XCBuildConfiguration;
			baseConfigurationReference = 477A12F4821462D56C99043C /* Pods-DesignTestTests.debug.xcconfig */;
			buildSettings = {
				ALWAYS_EMBED_SWIFT_STANDARD_LIBRARIES = YES;
				BUNDLE_LOADER = "$(TEST_HOST)";
				CODE_SIGN_STYLE = Automatic;
				INFOPLIST_FILE = DesignTestTests/Info.plist;
				IPHONEOS_DEPLOYMENT_TARGET = 13.2;
				LD_RUNPATH_SEARCH_PATHS = (
					"$(inherited)",
					"@executable_path/Frameworks",
					"@loader_path/Frameworks",
				);
				PRODUCT_BUNDLE_IDENTIFIER = com.stdio.DesignTestTests;
				PRODUCT_NAME = "$(TARGET_NAME)";
				SWIFT_VERSION = 5.0;
				TARGETED_DEVICE_FAMILY = "1,2";
				TEST_HOST = "$(BUILT_PRODUCTS_DIR)/DesignTest.app/DesignTest";
			};
			name = Debug;
		};
		98750F772603F7A50020C785 /* Release */ = {
			isa = XCBuildConfiguration;
			baseConfigurationReference = 159DBD001A7DA5FFBF502D43 /* Pods-DesignTestTests.release.xcconfig */;
			buildSettings = {
				ALWAYS_EMBED_SWIFT_STANDARD_LIBRARIES = YES;
				BUNDLE_LOADER = "$(TEST_HOST)";
				CODE_SIGN_STYLE = Automatic;
				INFOPLIST_FILE = DesignTestTests/Info.plist;
				IPHONEOS_DEPLOYMENT_TARGET = 13.2;
				LD_RUNPATH_SEARCH_PATHS = (
					"$(inherited)",
					"@executable_path/Frameworks",
					"@loader_path/Frameworks",
				);
				PRODUCT_BUNDLE_IDENTIFIER = com.stdio.DesignTestTests;
				PRODUCT_NAME = "$(TARGET_NAME)";
				SWIFT_VERSION = 5.0;
				TARGETED_DEVICE_FAMILY = "1,2";
				TEST_HOST = "$(BUILT_PRODUCTS_DIR)/DesignTest.app/DesignTest";
			};
			name = Release;
		};
		98750F792603F7A50020C785 /* Debug */ = {
			isa = XCBuildConfiguration;
			baseConfigurationReference = 19DF85E987795D6ABDDBED4E /* Pods-DesignTest-DesignTestUITests.debug.xcconfig */;
			buildSettings = {
				ALWAYS_EMBED_SWIFT_STANDARD_LIBRARIES = YES;
				CODE_SIGN_STYLE = Automatic;
				INFOPLIST_FILE = DesignTestUITests/Info.plist;
				LD_RUNPATH_SEARCH_PATHS = (
					"$(inherited)",
					"@executable_path/Frameworks",
					"@loader_path/Frameworks",
				);
				PRODUCT_BUNDLE_IDENTIFIER = com.stdio.DesignTestUITests;
				PRODUCT_NAME = "$(TARGET_NAME)";
				SWIFT_VERSION = 5.0;
				TARGETED_DEVICE_FAMILY = "1,2";
				TEST_TARGET_NAME = DesignTest;
			};
			name = Debug;
		};
		98750F7A2603F7A50020C785 /* Release */ = {
			isa = XCBuildConfiguration;
			baseConfigurationReference = 238664786114B7847F3A9F3D /* Pods-DesignTest-DesignTestUITests.release.xcconfig */;
			buildSettings = {
				ALWAYS_EMBED_SWIFT_STANDARD_LIBRARIES = YES;
				CODE_SIGN_STYLE = Automatic;
				INFOPLIST_FILE = DesignTestUITests/Info.plist;
				LD_RUNPATH_SEARCH_PATHS = (
					"$(inherited)",
					"@executable_path/Frameworks",
					"@loader_path/Frameworks",
				);
				PRODUCT_BUNDLE_IDENTIFIER = com.stdio.DesignTestUITests;
				PRODUCT_NAME = "$(TARGET_NAME)";
				SWIFT_VERSION = 5.0;
				TARGETED_DEVICE_FAMILY = "1,2";
				TEST_TARGET_NAME = DesignTest;
			};
			name = Release;
		};
/* End XCBuildConfiguration section */

/* Begin XCConfigurationList section */
		98750F432603F7A30020C785 /* Build configuration list for PBXProject "DesignTest" */ = {
			isa = XCConfigurationList;
			buildConfigurations = (
				98750F702603F7A50020C785 /* Debug */,
				98750F712603F7A50020C785 /* Release */,
			);
			defaultConfigurationIsVisible = 0;
			defaultConfigurationName = Release;
		};
		98750F722603F7A50020C785 /* Build configuration list for PBXNativeTarget "DesignTest" */ = {
			isa = XCConfigurationList;
			buildConfigurations = (
				98750F732603F7A50020C785 /* Debug */,
				98750F742603F7A50020C785 /* Release */,
			);
			defaultConfigurationIsVisible = 0;
			defaultConfigurationName = Release;
		};
		98750F752603F7A50020C785 /* Build configuration list for PBXNativeTarget "DesignTestTests" */ = {
			isa = XCConfigurationList;
			buildConfigurations = (
				98750F762603F7A50020C785 /* Debug */,
				98750F772603F7A50020C785 /* Release */,
			);
			defaultConfigurationIsVisible = 0;
			defaultConfigurationName = Release;
		};
		98750F782603F7A50020C785 /* Build configuration list for PBXNativeTarget "DesignTestUITests" */ = {
			isa = XCConfigurationList;
			buildConfigurations = (
				98750F792603F7A50020C785 /* Debug */,
				98750F7A2603F7A50020C785 /* Release */,
			);
			defaultConfigurationIsVisible = 0;
			defaultConfigurationName = Release;
		};
/* End XCConfigurationList section */
	};
	rootObject = 98750F402603F7A30020C785 /* Project object */;
}
